
Microsoft Visual Studio Solution File, Format Version 12.00
# Visual Studio Version 16
VisualStudioVersion = 16.0.30011.22
MinimumVisualStudioVersion = 10.0.40219.1
Project("{9A19103F-16F7-4668-BE54-9A1E7A4F7556}") = "GuessTheNumber.Web", "GuessTheNumber.API\GuessTheNumber.Web.csproj", "{4240F556-4F10-4B83-9EC5-1D73A9784F73}"
EndProject
Project("{9A19103F-16F7-4668-BE54-9A1E7A4F7556}") = "GuessTheNumber.DAL", "GuessTheNumber.DAL\GuessTheNumber.DAL.csproj", "{8376EC91-E0C8-4D10-9083-18896604A65D}"
EndProject
Project("{9A19103F-16F7-4668-BE54-9A1E7A4F7556}") = "GuessTheNumber.BLL", "GuessTheNumber.BLL\GuessTheNumber.BLL.csproj", "{87AF4EDD-552A-4DCD-94A3-14C1913273CD}"
EndProject
Project("{9A19103F-16F7-4668-BE54-9A1E7A4F7556}") = "GuessTheNumber.Tests", "GuessTheNumber.Tests\GuessTheNumber.Tests.csproj", "{A203C032-7F90-424E-B81F-D909E977F75B}"
EndProject
Project("{9A19103F-16F7-4668-BE54-9A1E7A4F7556}") = "GuessTheNumber.Core", "GuessTheNumber.Core\GuessTheNumber.Core.csproj", "{B7591516-C7B2-41FF-9E90-2FBBFAE266AA}"
EndProject
Project("{9A19103F-16F7-4668-BE54-9A1E7A4F7556}") = "GuessTheNumber.Utils", "GuessTheNumber.Utils\GuessTheNumber.Utils.csproj", "{C3A3B10E-7E7C-4E84-9152-93B4FA380547}"
EndProject
Global
	GlobalSection(SolutionConfigurationPlatforms) = preSolution
		Debug|Any CPU = Debug|Any CPU
		Release|Any CPU = Release|Any CPU
	EndGlobalSection
	GlobalSection(ProjectConfigurationPlatforms) = postSolution
		{4240F556-4F10-4B83-9EC5-1D73A9784F73}.Debug|Any CPU.ActiveCfg = Debug|Any CPU
		{4240F556-4F10-4B83-9EC5-1D73A9784F73}.Debug|Any CPU.Build.0 = Debug|Any CPU
		{4240F556-4F10-4B83-9EC5-1D73A9784F73}.Release|Any CPU.ActiveCfg = Release|Any CPU
		{4240F556-4F10-4B83-9EC5-1D73A9784F73}.Release|Any CPU.Build.0 = Release|Any CPU
		{8376EC91-E0C8-4D10-9083-18896604A65D}.Debug|Any CPU.ActiveCfg = Debug|Any CPU
		{8376EC91-E0C8-4D10-9083-18896604A65D}.Debug|Any CPU.Build.0 = Debug|Any CPU
		{8376EC91-E0C8-4D10-9083-18896604A65D}.Release|Any CPU.ActiveCfg = Release|Any CPU
		{8376EC91-E0C8-4D10-9083-18896604A65D}.Release|Any CPU.Build.0 = Release|Any CPU
		{87AF4EDD-552A-4DCD-94A3-14C1913273CD}.Debug|Any CPU.ActiveCfg = Debug|Any CPU
		{87AF4EDD-552A-4DCD-94A3-14C1913273CD}.Debug|Any CPU.Build.0 = Debug|Any CPU
		{87AF4EDD-552A-4DCD-94A3-14C1913273CD}.Release|Any CPU.ActiveCfg = Release|Any CPU
		{87AF4EDD-552A-4DCD-94A3-14C1913273CD}.Release|Any CPU.Build.0 = Release|Any CPU
		{A203C032-7F90-424E-B81F-D909E977F75B}.Debug|Any CPU.ActiveCfg = Debug|Any CPU
		{A203C032-7F90-424E-B81F-D909E977F75B}.Debug|Any CPU.Build.0 = Debug|Any CPU
		{A203C032-7F90-424E-B81F-D909E977F75B}.Release|Any CPU.ActiveCfg = Release|Any CPU
		{A203C032-7F90-424E-B81F-D909E977F75B}.Release|Any CPU.Build.0 = Release|Any CPU
		{B7591516-C7B2-41FF-9E90-2FBBFAE266AA}.Debug|Any CPU.ActiveCfg = Debug|Any CPU
		{B7591516-C7B2-41FF-9E90-2FBBFAE266AA}.Debug|Any CPU.Build.0 = Debug|Any CPU
		{B7591516-C7B2-41FF-9E90-2FBBFAE266AA}.Release|Any CPU.ActiveCfg = Release|Any CPU
		{B7591516-C7B2-41FF-9E90-2FBBFAE266AA}.Release|Any CPU.Build.0 = Release|Any CPU
		{C3A3B10E-7E7C-4E84-9152-93B4FA380547}.Debug|Any CPU.ActiveCfg = Debug|Any CPU
		{C3A3B10E-7E7C-4E84-9152-93B4FA380547}.Debug|Any CPU.Build.0 = Debug|Any CPU
		{C3A3B10E-7E7C-4E84-9152-93B4FA380547}.Release|Any CPU.ActiveCfg = Release|Any CPU
		{C3A3B10E-7E7C-4E84-9152-93B4FA380547}.Release|Any CPU.Build.0 = Release|Any CPU
	EndGlobalSection
	GlobalSection(SolutionProperties) = preSolution
		HideSolutionNode = FALSE
	EndGlobalSection
	GlobalSection(ExtensibilityGlobals) = postSolution
		SolutionGuid = {C671AC27-67CD-4117-9645-742C1E8FF5C7}
	EndGlobalSection
EndGlobal
